
Microsoft Visual Studio Solution File, Format Version 12.00
# Visual Studio Version 16
VisualStudioVersion = 16.0.32510.428
MinimumVisualStudioVersion = 10.0.40219.1
Project("{FAE04EC0-301F-11D3-BF4B-00C04F79EFBC}") = "UserWebApi", "UserWebApi.csproj", "{BBC042D8-25A9-4F05-B7EF-5570C4010366}"
EndProject
Global
	GlobalSection(SolutionConfigurationPlatforms) = preSolution
		Debug|Any CPU = Debug|Any CPU
		Release|Any CPU = Release|Any CPU
	EndGlobalSection
	GlobalSection(ProjectConfigurationPlatforms) = postSolution
		{BBC042D8-25A9-4F05-B7EF-5570C4010366}.Debug|Any CPU.ActiveCfg = Debug|Any CPU
		{BBC042D8-25A9-4F05-B7EF-5570C4010366}.Debug|Any CPU.Build.0 = Debug|Any CPU
		{BBC042D8-25A9-4F05-B7EF-5570C4010366}.Release|Any CPU.ActiveCfg = Release|Any CPU
		{BBC042D8-25A9-4F05-B7EF-5570C4010366}.Release|Any CPU.Build.0 = Release|Any CPU
	EndGlobalSection
	GlobalSection(SolutionProperties) = preSolution
		HideSolutionNode = FALSE
	EndGlobalSection
	GlobalSection(ExtensibilityGlobals) = postSolution
		SolutionGuid = {E1C05B74-34A3-45BF-8257-2E264975AD7B}
	EndGlobalSection
EndGlobal
